
Microsoft Visual Studio Solution File, Format Version 12.00
# Visual Studio Version 16
VisualStudioVersion = 16.0.32002.261
MinimumVisualStudioVersion = 10.0.40219.1
Project("{FAE04EC0-301F-11D3-BF4B-00C04F79EFBC}") = "Task1", "Task1\Task1.csproj", "{C7C7C98D-AB18-45EE-8E53-CC9EEA8CCACE}"
EndProject
Global
	GlobalSection(SolutionConfigurationPlatforms) = preSolution
		Debug|Any CPU = Debug|Any CPU
		Release|Any CPU = Release|Any CPU
	EndGlobalSection
	GlobalSection(ProjectConfigurationPlatforms) = postSolution
		{C7C7C98D-AB18-45EE-8E53-CC9EEA8CCACE}.Debug|Any CPU.ActiveCfg = Debug|Any CPU
		{C7C7C98D-AB18-45EE-8E53-CC9EEA8CCACE}.Debug|Any CPU.Build.0 = Debug|Any CPU
		{C7C7C98D-AB18-45EE-8E53-CC9EEA8CCACE}.Release|Any CPU.ActiveCfg = Release|Any CPU
		{C7C7C98D-AB18-45EE-8E53-CC9EEA8CCACE}.Release|Any CPU.Build.0 = Release|Any CPU
	EndGlobalSection
	GlobalSection(SolutionProperties) = preSolution
		HideSolutionNode = FALSE
	EndGlobalSection
	GlobalSection(ExtensibilityGlobals) = postSolution
		SolutionGuid = {4AFD41E5-0ED6-499C-A8C5-655E24B81B90}
	EndGlobalSection
EndGlobal
